
Microsoft Visual Studio Solution File, Format Version 12.00
# Visual Studio Version 17
VisualStudioVersion = 17.10.35122.118
MinimumVisualStudioVersion = 10.0.40219.1
Project("{8BC9CEB8-8B4A-11D0-8D11-00A0C91BC942}") = "ch01", "ch01\ch01.vcxproj", "{55A33D67-977A-4CA1-98CA-C921838504DF}"
EndProject
Project("{8BC9CEB8-8B4A-11D0-8D11-00A0C91BC942}") = "ch02", "ch02\ch02.vcxproj", "{FD9876B8-433B-4C4C-A67D-EDF03CCE9352}"
EndProject
Project("{8BC9CEB8-8B4A-11D0-8D11-00A0C91BC942}") = "ch03", "ch03\ch03.vcxproj", "{C8711A77-A5B4-40DB-94E5-C545CA5658C7}"
EndProject
Project("{8BC9CEB8-8B4A-11D0-8D11-00A0C91BC942}") = "ch04", "ch04\ch04.vcxproj", "{F9509000-2FA5-4A01-82D0-4A1A55BAC5DE}"
EndProject
Project("{8BC9CEB8-8B4A-11D0-8D11-00A0C91BC942}") = "ch05", "ch05\ch05.vcxproj", "{5CB9D0ED-CFF7-4C33-A306-09B1C4AABF11}"
EndProject
Project("{8BC9CEB8-8B4A-11D0-8D11-00A0C91BC942}") = "ch06", "ch06\ch06.vcxproj", "{EEB1E4E7-20EC-4636-9C88-879C15C350C7}"
EndProject
Project("{8BC9CEB8-8B4A-11D0-8D11-00A0C91BC942}") = "ch07", "ch07\ch07.vcxproj", "{09E263FC-78E8-4B4C-9E8A-0F4B71AEFBDE}"
EndProject
Project("{8BC9CEB8-8B4A-11D0-8D11-00A0C91BC942}") = "ch10", "ch10\ch10.vcxproj", "{ED30BF87-C2E4-44AD-B082-78A34EEE26CD}"
EndProject
Project("{8BC9CEB8-8B4A-11D0-8D11-00A0C91BC942}") = "ch11", "ch11\ch11.vcxproj", "{9ED0B145-FA2C-4B6D-ACFE-E17F65F4A81F}"
EndProject
Project("{8BC9CEB8-8B4A-11D0-8D11-00A0C91BC942}") = "ch12", "ch12\ch12.vcxproj", "{0D02A5B9-AD7D-4205-989E-5BDD1BC88CA5}"
EndProject
Project("{8BC9CEB8-8B4A-11D0-8D11-00A0C91BC942}") = "ch13", "ch13\ch13.vcxproj", "{9AD999DB-E805-436E-A45F-ED0E84235F21}"
EndProject
Project("{8BC9CEB8-8B4A-11D0-8D11-00A0C91BC942}") = "ch14", "ch14\ch14.vcxproj", "{9F9761A9-1125-4C34-A98C-3604B939EA4C}"
EndProject
Project("{8BC9CEB8-8B4A-11D0-8D11-00A0C91BC942}") = "ch15", "ch15\ch15.vcxproj", "{983787C0-1B75-4782-BB6C-1AE57A127938}"
EndProject
Project("{8BC9CEB8-8B4A-11D0-8D11-00A0C91BC942}") = "ch16", "ch16\ch16.vcxproj", "{0D5E7349-7106-48EA-9E81-F0F0883B1010}"
EndProject
Project("{8BC9CEB8-8B4A-11D0-8D11-00A0C91BC942}") = "ch17", "ch17\ch17.vcxproj", "{BACA92C0-F177-480C-88C8-B14551F05221}"
EndProject
Project("{8BC9CEB8-8B4A-11D0-8D11-00A0C91BC942}") = "ch19", "ch19\ch19.vcxproj", "{E4670519-8746-4950-BC9C-030CF867C07E}"
EndProject
Project("{8BC9CEB8-8B4A-11D0-8D11-00A0C91BC942}") = "ch18", "ch18\ch18.vcxproj", "{DDEF643B-F6B3-4573-809F-45A6D2865899}"
EndProject
Project("{8BC9CEB8-8B4A-11D0-8D11-00A0C91BC942}") = "ch20", "ch20\ch20.vcxproj", "{4726EC5F-4F67-4DFA-85AC-BDD682360E28}"
EndProject
Project("{8BC9CEB8-8B4A-11D0-8D11-00A0C91BC942}") = "ch00", "ch00\ch00.vcxproj", "{C4CC1662-D80E-473E-B5AF-921E63AA9220}"
EndProject
Global
	GlobalSection(SolutionConfigurationPlatforms) = preSolution
		Debug|x64 = Debug|x64
		Debug|x86 = Debug|x86
		Release|x64 = Release|x64
		Release|x86 = Release|x86
	EndGlobalSection
	GlobalSection(ProjectConfigurationPlatforms) = postSolution
		{55A33D67-977A-4CA1-98CA-C921838504DF}.Debug|x64.ActiveCfg = Debug|x64
		{55A33D67-977A-4CA1-98CA-C921838504DF}.Debug|x64.Build.0 = Debug|x64
		{55A33D67-977A-4CA1-98CA-C921838504DF}.Debug|x86.ActiveCfg = Debug|Win32
		{55A33D67-977A-4CA1-98CA-C921838504DF}.Debug|x86.Build.0 = Debug|Win32
		{55A33D67-977A-4CA1-98CA-C921838504DF}.Release|x64.ActiveCfg = Release|x64
		{55A33D67-977A-4CA1-98CA-C921838504DF}.Release|x64.Build.0 = Release|x64
		{55A33D67-977A-4CA1-98CA-C921838504DF}.Release|x86.ActiveCfg = Release|Win32
		{55A33D67-977A-4CA1-98CA-C921838504DF}.Release|x86.Build.0 = Release|Win32
		{FD9876B8-433B-4C4C-A67D-EDF03CCE9352}.Debug|x64.ActiveCfg = Debug|x64
		{FD9876B8-433B-4C4C-A67D-EDF03CCE9352}.Debug|x64.Build.0 = Debug|x64
		{FD9876B8-433B-4C4C-A67D-EDF03CCE9352}.Debug|x86.ActiveCfg = Debug|Win32
		{FD9876B8-433B-4C4C-A67D-EDF03CCE9352}.Debug|x86.Build.0 = Debug|Win32
		{FD9876B8-433B-4C4C-A67D-EDF03CCE9352}.Release|x64.ActiveCfg = Release|x64
		{FD9876B8-433B-4C4C-A67D-EDF03CCE9352}.Release|x64.Build.0 = Release|x64
		{FD9876B8-433B-4C4C-A67D-EDF03CCE9352}.Release|x86.ActiveCfg = Release|Win32
		{FD9876B8-433B-4C4C-A67D-EDF03CCE9352}.Release|x86.Build.0 = Release|Win32
		{C8711A77-A5B4-40DB-94E5-C545CA5658C7}.Debug|x64.ActiveCfg = Debug|x64
		{C8711A77-A5B4-40DB-94E5-C545CA5658C7}.Debug|x64.Build.0 = Debug|x64
		{C8711A77-A5B4-40DB-94E5-C545CA5658C7}.Debug|x86.ActiveCfg = Debug|Win32
		{C8711A77-A5B4-40DB-94E5-C545CA5658C7}.Debug|x86.Build.0 = Debug|Win32
		{C8711A77-A5B4-40DB-94E5-C545CA5658C7}.Release|x64.ActiveCfg = Release|x64
		{C8711A77-A5B4-40DB-94E5-C545CA5658C7}.Release|x64.Build.0 = Release|x64
		{C8711A77-A5B4-40DB-94E5-C545CA5658C7}.Release|x86.ActiveCfg = Release|Win32
		{C8711A77-A5B4-40DB-94E5-C545CA5658C7}.Release|x86.Build.0 = Release|Win32
		{F9509000-2FA5-4A01-82D0-4A1A55BAC5DE}.Debug|x64.ActiveCfg = Debug|x64
		{F9509000-2FA5-4A01-82D0-4A1A55BAC5DE}.Debug|x64.Build.0 = Debug|x64
		{F9509000-2FA5-4A01-82D0-4A1A55BAC5DE}.Debug|x86.ActiveCfg = Debug|Win32
		{F9509000-2FA5-4A01-82D0-4A1A55BAC5DE}.Debug|x86.Build.0 = Debug|Win32
		{F9509000-2FA5-4A01-82D0-4A1A55BAC5DE}.Release|x64.ActiveCfg = Release|x64
		{F9509000-2FA5-4A01-82D0-4A1A55BAC5DE}.Release|x64.Build.0 = Release|x64
		{F9509000-2FA5-4A01-82D0-4A1A55BAC5DE}.Release|x86.ActiveCfg = Release|Win32
		{F9509000-2FA5-4A01-82D0-4A1A55BAC5DE}.Release|x86.Build.0 = Release|Win32
		{5CB9D0ED-CFF7-4C33-A306-09B1C4AABF11}.Debug|x64.ActiveCfg = Debug|x64
		{5CB9D0ED-CFF7-4C33-A306-09B1C4AABF11}.Debug|x64.Build.0 = Debug|x64
		{5CB9D0ED-CFF7-4C33-A306-09B1C4AABF11}.Debug|x86.ActiveCfg = Debug|Win32
		{5CB9D0ED-CFF7-4C33-A306-09B1C4AABF11}.Debug|x86.Build.0 = Debug|Win32
		{5CB9D0ED-CFF7-4C33-A306-09B1C4AABF11}.Release|x64.ActiveCfg = Release|x64
		{5CB9D0ED-CFF7-4C33-A306-09B1C4AABF11}.Release|x64.Build.0 = Release|x64
		{5CB9D0ED-CFF7-4C33-A306-09B1C4AABF11}.Release|x86.ActiveCfg = Release|Win32
		{5CB9D0ED-CFF7-4C33-A306-09B1C4AABF11}.Release|x86.Build.0 = Release|Win32
		{EEB1E4E7-20EC-4636-9C88-879C15C350C7}.Debug|x64.ActiveCfg = Debug|x64
		{EEB1E4E7-20EC-4636-9C88-879C15C350C7}.Debug|x64.Build.0 = Debug|x64
		{EEB1E4E7-20EC-4636-9C88-879C15C350C7}.Debug|x86.ActiveCfg = Debug|Win32
		{EEB1E4E7-20EC-4636-9C88-879C15C350C7}.Debug|x86.Build.0 = Debug|Win32
		{EEB1E4E7-20EC-4636-9C88-879C15C350C7}.Release|x64.ActiveCfg = Release|x64
		{EEB1E4E7-20EC-4636-9C88-879C15C350C7}.Release|x64.Build.0 = Release|x64
		{EEB1E4E7-20EC-4636-9C88-879C15C350C7}.Release|x86.ActiveCfg = Release|Win32
		{EEB1E4E7-20EC-4636-9C88-879C15C350C7}.Release|x86.Build.0 = Release|Win32
		{09E263FC-78E8-4B4C-9E8A-0F4B71AEFBDE}.Debug|x64.ActiveCfg = Debug|x64
		{09E263FC-78E8-4B4C-9E8A-0F4B71AEFBDE}.Debug|x64.Build.0 = Debug|x64
		{09E263FC-78E8-4B4C-9E8A-0F4B71AEFBDE}.Debug|x86.ActiveCfg = Debug|Win32
		{09E263FC-78E8-4B4C-9E8A-0F4B71AEFBDE}.Debug|x86.Build.0 = Debug|Win32
		{09E263FC-78E8-4B4C-9E8A-0F4B71AEFBDE}.Release|x64.ActiveCfg = Release|x64
		{09E263FC-78E8-4B4C-9E8A-0F4B71AEFBDE}.Release|x64.Build.0 = Release|x64
		{09E263FC-78E8-4B4C-9E8A-0F4B71AEFBDE}.Release|x86.ActiveCfg = Release|Win32
		{09E263FC-78E8-4B4C-9E8A-0F4B71AEFBDE}.Release|x86.Build.0 = Release|Win32
		{ED30BF87-C2E4-44AD-B082-78A34EEE26CD}.Debug|x64.ActiveCfg = Debug|x64
		{ED30BF87-C2E4-44AD-B082-78A34EEE26CD}.Debug|x64.Build.0 = Debug|x64
		{ED30BF87-C2E4-44AD-B082-78A34EEE26CD}.Debug|x86.ActiveCfg = Debug|Win32
		{ED30BF87-C2E4-44AD-B082-78A34EEE26CD}.Debug|x86.Build.0 = Debug|Win32
		{ED30BF87-C2E4-44AD-B082-78A34EEE26CD}.Release|x64.ActiveCfg = Release|x64
		{ED30BF87-C2E4-44AD-B082-78A34EEE26CD}.Release|x64.Build.0 = Release|x64
		{ED30BF87-C2E4-44AD-B082-78A34EEE26CD}.Release|x86.ActiveCfg = Release|Win32
		{ED30BF87-C2E4-44AD-B082-78A34EEE26CD}.Release|x86.Build.0 = Release|Win32
		{9ED0B145-FA2C-4B6D-ACFE-E17F65F4A81F}.Debug|x64.ActiveCfg = Debug|x64
		{9ED0B145-FA2C-4B6D-ACFE-E17F65F4A81F}.Debug|x64.Build.0 = Debug|x64
		{9ED0B145-FA2C-4B6D-ACFE-E17F65F4A81F}.Debug|x86.ActiveCfg = Debug|Win32
		{9ED0B145-FA2C-4B6D-ACFE-E17F65F4A81F}.Debug|x86.Build.0 = Debug|Win32
		{9ED0B145-FA2C-4B6D-ACFE-E17F65F4A81F}.Release|x64.ActiveCfg = Release|x64
		{9ED0B145-FA2C-4B6D-ACFE-E17F65F4A81F}.Release|x64.Build.0 = Release|x64
		{9ED0B145-FA2C-4B6D-ACFE-E17F65F4A81F}.Release|x86.ActiveCfg = Release|Win32
		{9ED0B145-FA2C-4B6D-ACFE-E17F65F4A81F}.Release|x86.Build.0 = Release|Win32
		{0D02A5B9-AD7D-4205-989E-5BDD1BC88CA5}.Debug|x64.ActiveCfg = Debug|x64
		{0D02A5B9-AD7D-4205-989E-5BDD1BC88CA5}.Debug|x64.Build.0 = Debug|x64
		{0D02A5B9-AD7D-4205-989E-5BDD1BC88CA5}.Debug|x86.ActiveCfg = Debug|Win32
		{0D02A5B9-AD7D-4205-989E-5BDD1BC88CA5}.Debug|x86.Build.0 = Debug|Win32
		{0D02A5B9-AD7D-4205-989E-5BDD1BC88CA5}.Release|x64.ActiveCfg = Release|x64
		{0D02A5B9-AD7D-4205-989E-5BDD1BC88CA5}.Release|x64.Build.0 = Release|x64
		{0D02A5B9-AD7D-4205-989E-5BDD1BC88CA5}.Release|x86.ActiveCfg = Release|Win32
		{0D02A5B9-AD7D-4205-989E-5BDD1BC88CA5}.Release|x86.Build.0 = Release|Win32
		{9AD999DB-E805-436E-A45F-ED0E84235F21}.Debug|x64.ActiveCfg = Debug|x64
		{9AD999DB-E805-436E-A45F-ED0E84235F21}.Debug|x64.Build.0 = Debug|x64
		{9AD999DB-E805-436E-A45F-ED0E84235F21}.Debug|x86.ActiveCfg = Debug|Win32
		{9AD999DB-E805-436E-A45F-ED0E84235F21}.Debug|x86.Build.0 = Debug|Win32
		{9AD999DB-E805-436E-A45F-ED0E84235F21}.Release|x64.ActiveCfg = Release|x64
		{9AD999DB-E805-436E-A45F-ED0E84235F21}.Release|x64.Build.0 = Release|x64
		{9AD999DB-E805-436E-A45F-ED0E84235F21}.Release|x86.ActiveCfg = Release|Win32
		{9AD999DB-E805-436E-A45F-ED0E84235F21}.Release|x86.Build.0 = Release|Win32
		{9F9761A9-1125-4C34-A98C-3604B939EA4C}.Debug|x64.ActiveCfg = Debug|x64
		{9F9761A9-1125-4C34-A98C-3604B939EA4C}.Debug|x64.Build.0 = Debug|x64
		{9F9761A9-1125-4C34-A98C-3604B939EA4C}.Debug|x86.ActiveCfg = Debug|Win32
		{9F9761A9-1125-4C34-A98C-3604B939EA4C}.Debug|x86.Build.0 = Debug|Win32
		{9F9761A9-1125-4C34-A98C-3604B939EA4C}.Release|x64.ActiveCfg = Release|x64
		{9F9761A9-1125-4C34-A98C-3604B939EA4C}.Release|x64.Build.0 = Release|x64
		{9F9761A9-1125-4C34-A98C-3604B939EA4C}.Release|x86.ActiveCfg = Release|Win32
		{9F9761A9-1125-4C34-A98C-3604B939EA4C}.Release|x86.Build.0 = Release|Win32
		{983787C0-1B75-4782-BB6C-1AE57A127938}.Debug|x64.ActiveCfg = Debug|x64
		{983787C0-1B75-4782-BB6C-1AE57A127938}.Debug|x64.Build.0 = Debug|x64
		{983787C0-1B75-4782-BB6C-1AE57A127938}.Debug|x86.ActiveCfg = Debug|Win32
		{983787C0-1B75-4782-BB6C-1AE57A127938}.Debug|x86.Build.0 = Debug|Win32
		{983787C0-1B75-4782-BB6C-1AE57A127938}.Release|x64.ActiveCfg = Release|x64
		{983787C0-1B75-4782-BB6C-1AE57A127938}.Release|x64.Build.0 = Release|x64
		{983787C0-1B75-4782-BB6C-1AE57A127938}.Release|x86.ActiveCfg = Release|Win32
		{983787C0-1B75-4782-BB6C-1AE57A127938}.Release|x86.Build.0 = Release|Win32
		{0D5E7349-7106-48EA-9E81-F0F0883B1010}.Debug|x64.ActiveCfg = Debug|x64
		{0D5E7349-7106-48EA-9E81-F0F0883B1010}.Debug|x64.Build.0 = Debug|x64
		{0D5E7349-7106-48EA-9E81-F0F0883B1010}.Debug|x86.ActiveCfg = Debug|Win32
		{0D5E7349-7106-48EA-9E81-F0F0883B1010}.Debug|x86.Build.0 = Debug|Win32
		{0D5E7349-7106-48EA-9E81-F0F0883B1010}.Release|x64.ActiveCfg = Release|x64
		{0D5E7349-7106-48EA-9E81-F0F0883B1010}.Release|x64.Build.0 = Release|x64
		{0D5E7349-7106-48EA-9E81-F0F0883B1010}.Release|x86.ActiveCfg = Release|Win32
		{0D5E7349-7106-48EA-9E81-F0F0883B1010}.Release|x86.Build.0 = Release|Win32
		{BACA92C0-F177-480C-88C8-B14551F05221}.Debug|x64.ActiveCfg = Debug|x64
		{BACA92C0-F177-480C-88C8-B14551F05221}.Debug|x64.Build.0 = Debug|x64
		{BACA92C0-F177-480C-88C8-B14551F05221}.Debug|x86.ActiveCfg = Debug|Win32
		{BACA92C0-F177-480C-88C8-B14551F05221}.Debug|x86.Build.0 = Debug|Win32
		{BACA92C0-F177-480C-88C8-B14551F05221}.Release|x64.ActiveCfg = Release|x64
		{BACA92C0-F177-480C-88C8-B14551F05221}.Release|x64.Build.0 = Release|x64
		{BACA92C0-F177-480C-88C8-B14551F05221}.Release|x86.ActiveCfg = Release|Win32
		{BACA92C0-F177-480C-88C8-B14551F05221}.Release|x86.Build.0 = Release|Win32
		{E4670519-8746-4950-BC9C-030CF867C07E}.Debug|x64.ActiveCfg = Debug|x64
		{E4670519-8746-4950-BC9C-030CF867C07E}.Debug|x64.Build.0 = Debug|x64
		{E4670519-8746-4950-BC9C-030CF867C07E}.Debug|x86.ActiveCfg = Debug|Win32
		{E4670519-8746-4950-BC9C-030CF867C07E}.Debug|x86.Build.0 = Debug|Win32
		{E4670519-8746-4950-BC9C-030CF867C07E}.Release|x64.ActiveCfg = Release|x64
		{E4670519-8746-4950-BC9C-030CF867C07E}.Release|x64.Build.0 = Release|x64
		{E4670519-8746-4950-BC9C-030CF867C07E}.Release|x86.ActiveCfg = Release|Win32
		{E4670519-8746-4950-BC9C-030CF867C07E}.Release|x86.Build.0 = Release|Win32
		{DDEF643B-F6B3-4573-809F-45A6D2865899}.Debug|x64.ActiveCfg = Debug|x64
		{DDEF643B-F6B3-4573-809F-45A6D2865899}.Debug|x64.Build.0 = Debug|x64
		{DDEF643B-F6B3-4573-809F-45A6D2865899}.Debug|x86.ActiveCfg = Debug|Win32
		{DDEF643B-F6B3-4573-809F-45A6D2865899}.Debug|x86.Build.0 = Debug|Win32
		{DDEF643B-F6B3-4573-809F-45A6D2865899}.Release|x64.ActiveCfg = Release|x64
		{DDEF643B-F6B3-4573-809F-45A6D2865899}.Release|x64.Build.0 = Release|x64
		{DDEF643B-F6B3-4573-809F-45A6D2865899}.Release|x86.ActiveCfg = Release|Win32
		{DDEF643B-F6B3-4573-809F-45A6D2865899}.Release|x86.Build.0 = Release|Win32
		{4726EC5F-4F67-4DFA-85AC-BDD682360E28}.Debug|x64.ActiveCfg = Debug|x64
		{4726EC5F-4F67-4DFA-85AC-BDD682360E28}.Debug|x64.Build.0 = Debug|x64
		{4726EC5F-4F67-4DFA-85AC-BDD682360E28}.Debug|x86.ActiveCfg = Debug|Win32
		{4726EC5F-4F67-4DFA-85AC-BDD682360E28}.Debug|x86.Build.0 = Debug|Win32
		{4726EC5F-4F67-4DFA-85AC-BDD682360E28}.Release|x64.ActiveCfg = Release|x64
		{4726EC5F-4F67-4DFA-85AC-BDD682360E28}.Release|x64.Build.0 = Release|x64
		{4726EC5F-4F67-4DFA-85AC-BDD682360E28}.Release|x86.ActiveCfg = Release|Win32
		{4726EC5F-4F67-4DFA-85AC-BDD682360E28}.Release|x86.Build.0 = Release|Win32
		{C4CC1662-D80E-473E-B5AF-921E63AA9220}.Debug|x64.ActiveCfg = Debug|x64
		{C4CC1662-D80E-473E-B5AF-921E63AA9220}.Debug|x64.Build.0 = Debug|x64
		{C4CC1662-D80E-473E-B5AF-921E63AA9220}.Debug|x86.ActiveCfg = Debug|Win32
		{C4CC1662-D80E-473E-B5AF-921E63AA9220}.Debug|x86.Build.0 = Debug|Win32
		{C4CC1662-D80E-473E-B5AF-921E63AA9220}.Release|x64.ActiveCfg = Release|x64
		{C4CC1662-D80E-473E-B5AF-921E63AA9220}.Release|x64.Build.0 = Release|x64
		{C4CC1662-D80E-473E-B5AF-921E63AA9220}.Release|x86.ActiveCfg = Release|Win32
		{C4CC1662-D80E-473E-B5AF-921E63AA9220}.Release|x86.Build.0 = Release|Win32
	EndGlobalSection
	GlobalSection(SolutionProperties) = preSolution
		HideSolutionNode = FALSE
	EndGlobalSection
	GlobalSection(ExtensibilityGlobals) = postSolution
		SolutionGuid = {F9D7FE3F-4D84-4512-9DBE-1847B5CF6401}
	EndGlobalSection
EndGlobal
